schema: '2.0'
stages:
  data_ingestion:
    cmd: python src/data/data_ingestion.py
    deps:
    - path: src/data/data_ingestion.py
      hash: md5
      md5: e7e886bad8256c65c17e37cf7a7d9f50
      size: 2617
    params:
      params.yaml:
        data_ingestion.test_size: 0.2
    outs:
    - path: data/raw
      hash: md5
      md5: f3154e78b81bd3146418d95adfe640e8.dir
      size: 1006158
      nfiles: 2
  data_preprocessing:
    cmd: python src/data/data_preprocessing.py
    deps:
    - path: data/raw
      hash: md5
      md5: f3154e78b81bd3146418d95adfe640e8.dir
      size: 1006158
      nfiles: 2
    - path: src/data/data_preprocessing.py
      hash: md5
      md5: 0e8d92826d8e120568f8f4eff690fc26
      size: 4295
    outs:
    - path: data/interim
      hash: md5
      md5: 6483d39a786c50a1a9c3e19eeb4699e1.dir
      size: 693735
      nfiles: 2
  feature_engineering:
    cmd: python src/features/feature_engineering.py
    deps:
    - path: data/interim
      hash: md5
      md5: 6483d39a786c50a1a9c3e19eeb4699e1.dir
      size: 693735
      nfiles: 2
    - path: src/features/feature_engineering.py
      hash: md5
      md5: c507835f605b56b44ba92354b4983308
      size: 3121
    params:
      params.yaml:
        feature_engineering.max_features: 55
    outs:
    - path: data/processed
      hash: md5
      md5: 85b8d8840e6eafcd77d3bc9e8fe72941.dir
      size: 1560063
      nfiles: 2
  model_building:
    cmd: python src/model/model_building.py
    deps:
    - path: data/processed
      hash: md5
      md5: 85b8d8840e6eafcd77d3bc9e8fe72941.dir
      size: 1560063
      nfiles: 2
    - path: src/model/model_building.py
      hash: md5
      md5: dbef5a036775c531b544d6578a5da01a
      size: 2447
    params:
      params.yaml:
        model_building.learning_rate: 0.1
        model_building.n_estimators: 25
    outs:
    - path: models/model.pkl
      hash: md5
      md5: 62f61c09d1f8dd764ae7428558f48d46
      size: 37357
  model_evaluation:
    cmd: python src/model/model_evaluation.py
    deps:
    - path: data/processed
      hash: md5
      md5: 85b8d8840e6eafcd77d3bc9e8fe72941.dir
      size: 1560063
      nfiles: 2
    - path: models/model.pkl
      hash: md5
      md5: 62f61c09d1f8dd764ae7428558f48d46
      size: 37357
    - path: src/model/model_evaluation.py
      hash: md5
      md5: da3ced4c80dd37d5222042ccb3191b9c
      size: 2718
    outs:
    - path: reports/metrics.json
      hash: md5
      md5: 97309300f844be6a368a235fbcb0065e
      size: 131
