schema: '2.0'
stages:
  data_ingestion:
    cmd: python src/data/data_ingestion.py
    deps:
    - path: src/data/data_ingestion.py
      hash: md5
      md5: e7e886bad8256c65c17e37cf7a7d9f50
      size: 2617
    params:
      params.yaml:
        data_ingestion.test_size: 0.2
    outs:
    - path: data/raw
      hash: md5
      md5: f3154e78b81bd3146418d95adfe640e8.dir
      size: 1006158
      nfiles: 2
  data_preprocessing:
    cmd: python src/data/data_preprocessing.py
    deps:
    - path: data/raw
      hash: md5
      md5: f3154e78b81bd3146418d95adfe640e8.dir
      size: 1006158
      nfiles: 2
    - path: src/data/data_preprocessing.py
      hash: md5
      md5: 0e8d92826d8e120568f8f4eff690fc26
      size: 4295
    outs:
    - path: data/interim
      hash: md5
      md5: 6483d39a786c50a1a9c3e19eeb4699e1.dir
      size: 693735
      nfiles: 2
  feature_engineering:
    cmd: python src/features/feature_engineering.py
    deps:
    - path: data/interim
      hash: md5
      md5: 6483d39a786c50a1a9c3e19eeb4699e1.dir
      size: 693735
      nfiles: 2
    - path: src/features/feature_engineering.py
      hash: md5
      md5: f443f8a533b2a877d01dd906a6deba6c
      size: 3142
    params:
      params.yaml:
        feature_engineering.max_features: 55
    outs:
    - path: data/processed
      hash: md5
      md5: b982b6055f1e873add7aec29c005d79e.dir
      size: 3327018
      nfiles: 2
  model_building:
    cmd: python src/model/model_building.py
    deps:
    - path: data/processed
      hash: md5
      md5: b982b6055f1e873add7aec29c005d79e.dir
      size: 3327018
      nfiles: 2
    - path: src/model/model_building.py
      hash: md5
      md5: d5d90ea8816f55a3d5f0eb77548bc0ef
      size: 2445
    params:
      params.yaml:
        model_building.learning_rate: 0.1
        model_building.n_estimators: 25
    outs:
    - path: models/model.pkl
      hash: md5
      md5: f3c8ab886b3a91a1e7aaada1448c916c
      size: 37213
  model_evaluation:
    cmd: python src/model/model_evaluation.py
    deps:
    - path: data/processed
      hash: md5
      md5: b982b6055f1e873add7aec29c005d79e.dir
      size: 3327018
      nfiles: 2
    - path: models/model.pkl
      hash: md5
      md5: f3c8ab886b3a91a1e7aaada1448c916c
      size: 37213
    - path: src/model/model_evaluation.py
      hash: md5
      md5: 5378d3c2eb09e6605b95bd1546e96a7f
      size: 2720
    outs:
    - path: reports/metrics.json
      hash: md5
      md5: 00fcf33450432e05b883ad45a11a0c5f
      size: 145
